// !$*UTF8*$!
{
	archiveVersion = 1;
	classes = {
	};
	objectVersion = 46;
	objects = {

/* Begin PBXBuildFile section */
		CEEB115A22B2732A00ACE9E3 /* Ruby.Framework in Frameworks */ = {isa = PBXBuildFile; fileRef = CE6B446F211DA18D006A1F2E /* Ruby.Framework */; };
		CEEB115D22B28AD000ACE9E3 /* SketchUpAPI.framework in Frameworks */ = {isa = PBXBuildFile; fileRef = CEEB115822B26EC000ACE9E3 /* SketchUpAPI.framework */; };
		E939EB2221120EE20023B67B /* SUEX_HelloWorld.cpp in Sources */ = {isa = PBXBuildFile; fileRef = 33CDE7AF182705EB00F7C6E8 /* SUEX_HelloWorld.cpp */; };
		E939EB2321120EE20023B67B /* RubyUtils.cpp in Sources */ = {isa = PBXBuildFile; fileRef = 33CDE7B718270A4800F7C6E8 /* RubyUtils.cpp */; };
		E939EB2821120EE20023B67B /* RubyLib.h in Headers */ = {isa = PBXBuildFile; fileRef = 33CDE7B618270A4800F7C6E8 /* RubyLib.h */; };
		E939EB2921120EE20023B67B /* RubyUtils.h in Headers */ = {isa = PBXBuildFile; fileRef = 33CDE7B818270A4800F7C6E8 /* RubyUtils.h */; };
/* End PBXBuildFile section */

/* Begin PBXFileReference section */
		33CDE7AF182705EB00F7C6E8 /* SUEX_HelloWorld.cpp */ = {isa = PBXFileReference; fileEncoding = 4; lastKnownFileType = sourcecode.cpp.cpp; name = SUEX_HelloWorld.cpp; path = src/SUEX_HelloWorld.cpp; sourceTree = "<group>"; };
		33CDE7B618270A4800F7C6E8 /* RubyLib.h */ = {isa = PBXFileReference; fileEncoding = 4; lastKnownFileType = sourcecode.c.h; path = RubyLib.h; sourceTree = "<group>"; };
		33CDE7B718270A4800F7C6E8 /* RubyUtils.cpp */ = {isa = PBXFileReference; fileEncoding = 4; lastKnownFileType = sourcecode.cpp.cpp; path = RubyUtils.cpp; sourceTree = "<group>"; };
		33CDE7B818270A4800F7C6E8 /* RubyUtils.h */ = {isa = PBXFileReference; fileEncoding = 4; lastKnownFileType = sourcecode.c.h; path = RubyUtils.h; sourceTree = "<group>"; };
		CE1590E518479EAB0084B06D /* SUEX_HelloWorld_exports.txt */ = {isa = PBXFileReference; lastKnownFileType = text; path = SUEX_HelloWorld_exports.txt; sourceTree = "<group>"; };
		CE1590E61847A5A20084B06D /* Ruby.framework */ = {isa = PBXFileReference; lastKnownFileType = wrapper.framework; name = Ruby.framework; path = ../ThirdParty/lib/mac/2.0/Ruby.framework; sourceTree = "<group>"; };
		CE1590E81847A5F10084B06D /* Ruby.framework */ = {isa = PBXFileReference; lastKnownFileType = wrapper.framework; name = Ruby.framework; path = ../ThirdParty/lib/mac/1.8/Ruby.framework; sourceTree = "<group>"; };
		CE6B446F211DA18D006A1F2E /* Ruby.Framework */ = {isa = PBXFileReference; lastKnownFileType = wrapper.framework; path = Ruby.Framework; sourceTree = "<group>"; };
		CEEB115822B26EC000ACE9E3 /* SketchUpAPI.framework */ = {isa = PBXFileReference; lastKnownFileType = wrapper.framework; name = SketchUpAPI.framework; path = "../../../slapi/SDK_Mac_2019-0-752_0/SketchUpAPI.framework"; sourceTree = "<group>"; };
		E939EB2D21120EE20023B67B /* SUEX_HelloWorld.bundle */ = {isa = PBXFileReference; explicitFileType = "compiled.mach-o.dylib"; includeInIndex = 0; path = SUEX_HelloWorld.bundle; sourceTree = BUILT_PRODUCTS_DIR; };
		E9EA8AD41DAFC2510029551B /* Ruby.framework */ = {isa = PBXFileReference; lastKnownFileType = wrapper.framework; name = Ruby.framework; path = ../ThirdParty/lib/mac/2.2/Ruby.framework; sourceTree = "<group>"; };
/* End PBXFileReference section */

/* Begin PBXFrameworksBuildPhase section */
		E939EB2421120EE20023B67B /* Frameworks */ = {
			isa = PBXFrameworksBuildPhase;
			buildActionMask = 2147483647;
			files = (
				CEEB115D22B28AD000ACE9E3 /* SketchUpAPI.framework in Frameworks */,
				CEEB115A22B2732A00ACE9E3 /* Ruby.Framework in Frameworks */,
			);
			runOnlyForDeploymentPostprocessing = 0;
		};
/* End PBXFrameworksBuildPhase section */

/* Begin PBXGroup section */
		33CDE5DA182703B100F7C6E8 = {
			isa = PBXGroup;
			children = (
				33CDE7B518270A4800F7C6E8 /* RubyUtils */,
				33CDE7AF182705EB00F7C6E8 /* SUEX_HelloWorld.cpp */,
				CE1590E518479EAB0084B06D /* SUEX_HelloWorld_exports.txt */,
				33CDE7B11827091E00F7C6E8 /* ThirdParty Frameworks */,
				33CDE5E6182703B200F7C6E8 /* Products */,
				CEEB115722B26EBF00ACE9E3 /* Frameworks */,
			);
			sourceTree = "<group>";
		};
		33CDE5E6182703B200F7C6E8 /* Products */ = {
			isa = PBXGroup;
			children = (
				E939EB2D21120EE20023B67B /* SUEX_HelloWorld.bundle */,
			);
			name = Products;
			sourceTree = "<group>";
		};
		33CDE7B11827091E00F7C6E8 /* ThirdParty Frameworks */ = {
			isa = PBXGroup;
			children = (
				E939EB2E211211400023B67B /* Ruby 2.5 */,
				E9EA8AD31DAFC23A0029551B /* Ruby 2.2 */,
				CE405E9418476E2800A77187 /* Ruby 2.0 */,
				CE405E9518476E3C00A77187 /* Ruby 1.8 */,
			);
			name = "ThirdParty Frameworks";
			sourceTree = "<group>";
		};
		33CDE7B518270A4800F7C6E8 /* RubyUtils */ = {
			isa = PBXGroup;
			children = (
				33CDE7B618270A4800F7C6E8 /* RubyLib.h */,
				33CDE7B718270A4800F7C6E8 /* RubyUtils.cpp */,
				33CDE7B818270A4800F7C6E8 /* RubyUtils.h */,
			);
			name = RubyUtils;
			path = src/RubyUtils;
			sourceTree = "<group>";
		};
		CE405E9418476E2800A77187 /* Ruby 2.0 */ = {
			isa = PBXGroup;
			children = (
				CE1590E61847A5A20084B06D /* Ruby.framework */,
			);
			name = "Ruby 2.0";
			sourceTree = "<group>";
		};
		CE405E9518476E3C00A77187 /* Ruby 1.8 */ = {
			isa = PBXGroup;
			children = (
				CE1590E81847A5F10084B06D /* Ruby.framework */,
			);
			name = "Ruby 1.8";
			sourceTree = "<group>";
		};
		CEEB115722B26EBF00ACE9E3 /* Frameworks */ = {
			isa = PBXGroup;
			children = (
				CEEB115822B26EC000ACE9E3 /* SketchUpAPI.framework */,
			);
			name = Frameworks;
			sourceTree = "<group>";
		};
		E939EB2E211211400023B67B /* Ruby 2.5 */ = {
			isa = PBXGroup;
			children = (
				CE6B446F211DA18D006A1F2E /* Ruby.Framework */,
			);
			name = "Ruby 2.5";
			path = ../ThirdParty/lib/mac/2.5;
			sourceTree = "<group>";
		};
		E9EA8AD31DAFC23A0029551B /* Ruby 2.2 */ = {
			isa = PBXGroup;
			children = (
				E9EA8AD41DAFC2510029551B /* Ruby.framework */,
			);
			name = "Ruby 2.2";
			sourceTree = "<group>";
		};
/* End PBXGroup section */

/* Begin PBXHeadersBuildPhase section */
		E939EB2721120EE20023B67B /* Headers */ = {
			isa = PBXHeadersBuildPhase;
			buildActionMask = 2147483647;
			files = (
				E939EB2821120EE20023B67B /* RubyLib.h in Headers */,
				E939EB2921120EE20023B67B /* RubyUtils.h in Headers */,
			);
			runOnlyForDeploymentPostprocessing = 0;
		};
/* End PBXHeadersBuildPhase section */

/* Begin PBXNativeTarget section */
		E939EB2021120EE20023B67B /* Ruby 2.5 */ = {
			isa = PBXNativeTarget;
			buildConfigurationList = E939EB2A21120EE20023B67B /* Build configuration list for PBXNativeTarget "Ruby 2.5" */;
			buildPhases = (
				E939EB2121120EE20023B67B /* Sources */,
				E939EB2421120EE20023B67B /* Frameworks */,
				E939EB2721120EE20023B67B /* Headers */,
			);
			buildRules = (
			);
			dependencies = (
			);
			name = "Ruby 2.5";
			productName = "Hello World";
			productReference = E939EB2D21120EE20023B67B /* SUEX_HelloWorld.bundle */;
			productType = "com.apple.product-type.library.dynamic";
		};
/* End PBXNativeTarget section */

/* Begin PBXProject section */
		33CDE5DC182703B100F7C6E8 /* Project object */ = {
			isa = PBXProject;
			attributes = {
				LastUpgradeCheck = 0820;
				ORGANIZATIONNAME = SketchUp;
			};
			buildConfigurationList = 33CDE5DF182703B100F7C6E8 /* Build configuration list for PBXProject "SUEX_HelloWorld" */;
			compatibilityVersion = "Xcode 3.2";
			developmentRegion = English;
			hasScannedForEncodings = 0;
			knownRegions = (
				en,
			);
			mainGroup = 33CDE5DA182703B100F7C6E8;
			productRefGroup = 33CDE5E6182703B200F7C6E8 /* Products */;
			projectDirPath = "";
			projectRoot = "";
			targets = (
				E939EB2021120EE20023B67B /* Ruby 2.5 */,
			);
		};
/* End PBXProject section */

/* Begin PBXSourcesBuildPhase section */
		E939EB2121120EE20023B67B /* Sources */ = {
			isa = PBXSourcesBuildPhase;
			buildActionMask = 2147483647;
			files = (
				E939EB2221120EE20023B67B /* SUEX_HelloWorld.cpp in Sources */,
				E939EB2321120EE20023B67B /* RubyUtils.cpp in Sources */,
			);
			runOnlyForDeploymentPostprocessing = 0;
		};
/* End PBXSourcesBuildPhase section */

/* Begin XCBuildConfiguration section */
		33CDE5E7182703B200F7C6E8 /* Debug */ = {
			isa = XCBuildConfiguration;
			buildSettings = {
				ALWAYS_SEARCH_USER_PATHS = NO;
				ARCHS = "$(ARCHS_STANDARD)";
				BUNDLE_LOADER = "/Applications/SketchUp 2019/SketchUp.app/Contents/MacOS/SketchUp";
				CLANG_CXX_LANGUAGE_STANDARD = "gnu++0x";
				CLANG_CXX_LIBRARY = "libc++";
				CLANG_WARN_BOOL_CONVERSION = YES;
				CLANG_WARN_CONSTANT_CONVERSION = YES;
				CLANG_WARN_EMPTY_BODY = YES;
				CLANG_WARN_ENUM_CONVERSION = YES;
				CLANG_WARN_INFINITE_RECURSION = YES;
				CLANG_WARN_INT_CONVERSION = YES;
				CLANG_WARN_SUSPICIOUS_MOVE = YES;
				CLANG_WARN_UNREACHABLE_CODE = YES;
				CLANG_WARN__DUPLICATE_METHOD_MATCH = YES;
				COPY_PHASE_STRIP = NO;
				ENABLE_STRICT_OBJC_MSGSEND = YES;
				EXECUTABLE_EXTENSION = bundle;
				EXPORTED_SYMBOLS_FILE = SUEX_HelloWorld_exports.txt;
				GCC_C_LANGUAGE_STANDARD = gnu99;
				GCC_DYNAMIC_NO_PIC = NO;
				GCC_ENABLE_OBJC_EXCEPTIONS = YES;
				GCC_NO_COMMON_BLOCKS = YES;
				GCC_OPTIMIZATION_LEVEL = 0;
				GCC_PREPROCESSOR_DEFINITIONS = (
					"DEBUG=1",
					"$(inherited)",
				);
				GCC_SYMBOLS_PRIVATE_EXTERN = NO;
				GCC_WARN_64_TO_32_BIT_CONVERSION = YES;
				GCC_WARN_ABOUT_RETURN_TYPE = YES;
				GCC_WARN_UNDECLARED_SELECTOR = YES;
				GCC_WARN_UNINITIALIZED_AUTOS = YES;
				GCC_WARN_UNUSED_FUNCTION = YES;
				GCC_WARN_UNUSED_VARIABLE = YES;
				MACH_O_TYPE = mh_bundle;
				MACOSX_DEPLOYMENT_TARGET = 10.7;
				ONLY_ACTIVE_ARCH = YES;
				PRODUCT_NAME = SUEX_HelloWorld;
				SDKROOT = macosx;
				VALID_ARCHS = "i386 x86_64";
			};
			name = Debug;
		};
		33CDE5E8182703B200F7C6E8 /* Release */ = {
			isa = XCBuildConfiguration;
			buildSettings = {
				ALWAYS_SEARCH_USER_PATHS = NO;
				ARCHS = "$(ARCHS_STANDARD)";
				BUNDLE_LOADER = "/Applications/SketchUp 2019/SketchUp.app/Contents/MacOS/SketchUp";
				CLANG_CXX_LANGUAGE_STANDARD = "gnu++0x";
				CLANG_CXX_LIBRARY = "libc++";
				CLANG_WARN_BOOL_CONVERSION = YES;
				CLANG_WARN_CONSTANT_CONVERSION = YES;
				CLANG_WARN_EMPTY_BODY = YES;
				CLANG_WARN_ENUM_CONVERSION = YES;
				CLANG_WARN_INFINITE_RECURSION = YES;
				CLANG_WARN_INT_CONVERSION = YES;
				CLANG_WARN_SUSPICIOUS_MOVE = YES;
				CLANG_WARN_UNREACHABLE_CODE = YES;
				CLANG_WARN__DUPLICATE_METHOD_MATCH = YES;
				COPY_PHASE_STRIP = YES;
				DEBUG_INFORMATION_FORMAT = "dwarf-with-dsym";
				ENABLE_STRICT_OBJC_MSGSEND = YES;
				EXECUTABLE_EXTENSION = bundle;
				EXPORTED_SYMBOLS_FILE = SUEX_HelloWorld_exports.txt;
				GCC_C_LANGUAGE_STANDARD = gnu99;
				GCC_ENABLE_OBJC_EXCEPTIONS = YES;
				GCC_NO_COMMON_BLOCKS = YES;
				GCC_SYMBOLS_PRIVATE_EXTERN = NO;
				GCC_WARN_64_TO_32_BIT_CONVERSION = YES;
				GCC_WARN_ABOUT_RETURN_TYPE = YES;
				GCC_WARN_UNDECLARED_SELECTOR = YES;
				GCC_WARN_UNINITIALIZED_AUTOS = YES;
				GCC_WARN_UNUSED_FUNCTION = YES;
				GCC_WARN_UNUSED_VARIABLE = YES;
				MACH_O_TYPE = mh_bundle;
				MACOSX_DEPLOYMENT_TARGET = 10.7;
				PRODUCT_NAME = SUEX_HelloWorld;
				SDKROOT = macosx;
				VALID_ARCHS = "i386 x86_64";
			};
			name = Release;
		};
		E939EB2B21120EE20023B67B /* Debug */ = {
			isa = XCBuildConfiguration;
			buildSettings = {
				ARCHS = "$(ARCHS_STANDARD)";
				CONFIGURATION_BUILD_DIR = "$(SRCROOT)/../Debug (2.5)";
				CONFIGURATION_TEMP_DIR = "$(PROJECT_TEMP_DIR)/$(CONFIGURATION)$(EFFECTIVE_PLATFORM_NAME)/2.5";
				DYLIB_COMPATIBILITY_VERSION = "";
				DYLIB_CURRENT_VERSION = "";
				FRAMEWORK_SEARCH_PATHS = (
					"$(inherited)",
					"\"$(SRCROOT)/../ThirdParty/lib/mac/2.5\"",
					"/Users/tthomas2/slapi/SDK_Mac_2019-0-752_0",
				);
				HEADER_SEARCH_PATHS = (
					../ThirdParty/include/ruby/2.5/mac,
					"../ThirdParty/include/ruby/2.5/mac/x86_64-darwin14",
				);
				VALID_ARCHS = x86_64;
			};
			name = Debug;
		};
		E939EB2C21120EE20023B67B /* Release */ = {
			isa = XCBuildConfiguration;
			buildSettings = {
				ARCHS = "$(ARCHS_STANDARD)";
				CONFIGURATION_BUILD_DIR = "$(SRCROOT)/../Release (2.5)";
				CONFIGURATION_TEMP_DIR = "$(PROJECT_TEMP_DIR)/$(CONFIGURATION)$(EFFECTIVE_PLATFORM_NAME)/2.5";
				DYLIB_COMPATIBILITY_VERSION = "";
				DYLIB_CURRENT_VERSION = "";
				FRAMEWORK_SEARCH_PATHS = (
					"$(inherited)",
					"\"$(SRCROOT)/../ThirdParty/lib/mac/2.5\"",
					"/Users/tthomas2/slapi/SDK_Mac_2019-0-752_0",
				);
				HEADER_SEARCH_PATHS = (
					../ThirdParty/include/ruby/2.5/mac,
					"../ThirdParty/include/ruby/2.5/mac/x86_64-darwin14",
				);
				VALID_ARCHS = x86_64;
			};
			name = Release;
		};
/* End XCBuildConfiguration section */

/* Begin XCConfigurationList section */
		33CDE5DF182703B100F7C6E8 /* Build configuration list for PBXProject "SUEX_HelloWorld" */ = {
			isa = XCConfigurationList;
			buildConfigurations = (
				33CDE5E7182703B200F7C6E8 /* Debug */,
				33CDE5E8182703B200F7C6E8 /* Release */,
			);
			defaultConfigurationIsVisible = 0;
			defaultConfigurationName = Release;
		};
		E939EB2A21120EE20023B67B /* Build configuration list for PBXNativeTarget "Ruby 2.5" */ = {
			isa = XCConfigurationList;
			buildConfigurations = (
				E939EB2B21120EE20023B67B /* Debug */,
				E939EB2C21120EE20023B67B /* Release */,
			);
			defaultConfigurationIsVisible = 0;
			defaultConfigurationName = Release;
		};
/* End XCConfigurationList section */
	};
	rootObject = 33CDE5DC182703B100F7C6E8 /* Project object */;
}
